version = 1
requires-python = ">=3.11"

[[package]]
name = "apscheduler"
version = "3.10.4"
source = { registry = "https://pypi.org/simple" }
dependencies = [
    { name = "pytz" },
    { name = "six" },
    { name = "tzlocal" },
]
sdist = { url = "https://files.pythonhosted.org/packages/5e/34/5dcb368cf89f93132d9a31bd3747962a9dc874480e54333b0c09fa7d56ac/APScheduler-3.10.4.tar.gz", hash = "sha256:e6df071b27d9be898e486bc7940a7be50b4af2e9da7c08f0744a96d4bd4cef4a", size = 100832 }
wheels = [
    { url = "https://files.pythonhosted.org/packages/13/b5/7af0cb920a476dccd612fbc9a21a3745fb29b1fcd74636078db8f7ba294c/APScheduler-3.10.4-py3-none-any.whl", hash = "sha256:fb91e8a768632a4756a585f79ec834e0e27aad5860bac7eaa523d9ccefd87661", size = 59303 },
]

[[package]]
name = "dnspython"
version = "2.7.0"
source = { registry = "https://pypi.org/simple" }
sdist = { url = "https://files.pythonhosted.org/packages/b5/4a/263763cb2ba3816dd94b08ad3a33d5fdae34ecb856678773cc40a3605829/dnspython-2.7.0.tar.gz", hash = "sha256:ce9c432eda0dc91cf618a5cedf1a4e142651196bbcd2c80e89ed5a907e5cfaf1", size = 345197 }
wheels = [
    { url = "https://files.pythonhosted.org/packages/68/1b/e0a87d256e40e8c888847551b20a017a6b98139178505dc7ffb96f04e954/dnspython-2.7.0-py3-none-any.whl", hash = "sha256:b4c34b7d10b51bcc3a5071e7b8dee77939f1e878477eeecc965e9835f63c6c86", size = 313632 },
]

[[package]]
name = "motor"
version = "3.3.2"
source = { registry = "https://pypi.org/simple" }
dependencies = [
    { name = "pymongo" },
]
sdist = { url = "https://files.pythonhosted.org/packages/e3/e3/f5244c84d7bdc149d99f9baa4313f197f7d14cfa1bfe1a6ac181e10cb3e2/motor-3.3.2.tar.gz", hash = "sha256:d2fc38de15f1c8058f389c1a44a4d4105c0405c48c061cd492a654496f7bc26a", size = 272583 }
wheels = [
    { url = "https://files.pythonhosted.org/packages/3f/9a/1a43a329dffbd1a631c52e64c1e9c036621afdfd7f42096ae4bf2de4132b/motor-3.3.2-py3-none-any.whl", hash = "sha256:6fe7e6f0c4f430b9e030b9d22549b732f7c2226af3ab71ecc309e4a1b7d19953", size = 70598 },
]

[[package]]
name = "pyaes"
version = "1.6.1"
source = { registry = "https://pypi.org/simple" }
sdist = { url = "https://files.pythonhosted.org/packages/44/66/2c17bae31c906613795711fc78045c285048168919ace2220daa372c7d72/pyaes-1.6.1.tar.gz", hash = "sha256:02c1b1405c38d3c370b085fb952dd8bea3fadcee6411ad99f312cc129c536d8f", size = 28536 }

[[package]]
name = "pymongo"
version = "4.8.0"
source = { registry = "https://pypi.org/simple" }
dependencies = [
    { name = "dnspython" },
]
sdist = { url = "https://files.pythonhosted.org/packages/05/2c/ad0896cb94668c3cad1eb702ab60ae17036b051f54cfe547f11a0322f1d3/pymongo-4.8.0.tar.gz", hash = "sha256:454f2295875744dc70f1881e4b2eb99cdad008a33574bc8aaf120530f66c0cde", size = 1506091 }
wheels = [
    { url = "https://files.pythonhosted.org/packages/0a/3d/bba2845c76dddcd8c34d5014da80346851df048eefa826acb13265affba2/pymongo-4.8.0-cp311-cp311-macosx_10_9_x86_64.whl", hash = "sha256:6b50040d9767197b77ed420ada29b3bf18a638f9552d80f2da817b7c4a4c9c68", size = 645578 },
    { url = "https://files.pythonhosted.org/packages/c2/ca/d177c3ad846bad631b548b27c261821d25a08d608dca134aedb1b00b98fe/pymongo-4.8.0-cp311-cp311-macosx_11_0_arm64.whl", hash = "sha256:417369ce39af2b7c2a9c7152c1ed2393edfd1cbaf2a356ba31eb8bcbd5c98dd7", size = 645731 },
    { url = "https://files.pythonhosted.org/packages/be/1a/3d9b9fb3f9de9da46919fef900fe88090f5865a09ae9e0e19496a603a819/pymongo-4.8.0-cp311-cp311-manylinux_2_17_aarch64.manylinux2014_aarch64.whl", hash = "sha256:bf821bd3befb993a6db17229a2c60c1550e957de02a6ff4dd0af9476637b2e4d", size = 1399930 },
    { url = "https://files.pythonhosted.org/packages/57/64/281c9c8efb98ab6c6fcf44bf7cc33e17bcb163cb9c9260c9d78d2318d013/pymongo-4.8.0-cp311-cp311-manylinux_2_17_ppc64le.manylinux2014_ppc64le.whl", hash = "sha256:9365166aa801c63dff1a3cb96e650be270da06e3464ab106727223123405510f", size = 1451584 },
    { url = "https://files.pythonhosted.org/packages/37/ed/5258d22a91ea6e0b9d72e0aa7674f5a9951fea0c036d1063f29bc45a35d2/pymongo-4.8.0-cp311-cp311-manylinux_2_17_s390x.manylinux2014_s390x.whl", hash = "sha256:cc8b8582f4209c2459b04b049ac03c72c618e011d3caa5391ff86d1bda0cc486", size = 1423899 },
    { url = "https://files.pythonhosted.org/packages/f3/7f/6d231046d9caf43395f9406dbef885f122edbee172ec6a3a6ea330e07848/pymongo-4.8.0-cp311-cp311-manylinux_2_17_x86_64.manylinux2014_x86_64.whl", hash = "sha256:16e5019f75f6827bb5354b6fef8dfc9d6c7446894a27346e03134d290eb9e758", size = 1397112 },
    { url = "https://files.pythonhosted.org/packages/af/81/4074148396415ac19074a1a144e1cd6b2ff000f5ef253ed24a4e3e9ff340/pymongo-4.8.0-cp311-cp311-manylinux_2_5_i686.manylinux1_i686.manylinux_2_17_i686.manylinux2014_i686.whl", hash = "sha256:3b5802151fc2b51cd45492c80ed22b441d20090fb76d1fd53cd7760b340ff554", size = 1357689 },
    { url = "https://files.pythonhosted.org/packages/bc/26/799fe943573b2d86970698a0667d8d8636790e86242d979f4b3d870d269f/pymongo-4.8.0-cp311-cp311-win32.whl", hash = "sha256:4bf58e6825b93da63e499d1a58de7de563c31e575908d4e24876234ccb910eba", size = 611133 },
    { url = "https://files.pythonhosted.org/packages/51/28/577224211f43e2079126bfec53080efba46e59218f47808098f125139558/pymongo-4.8.0-cp311-cp311-win_amd64.whl", hash = "sha256:b747c0e257b9d3e6495a018309b9e0c93b7f0d65271d1d62e572747f4ffafc88", size = 630990 },
    { url = "https://files.pythonhosted.org/packages/9e/8d/b082d026f96215a76553032620549f931679da7f941018e2c358fd549faa/pymongo-4.8.0-cp312-cp312-macosx_10_9_x86_64.whl", hash = "sha256:e6a720a3d22b54183352dc65f08cd1547204d263e0651b213a0a2e577e838526", size = 699090 },
    { url = "https://files.pythonhosted.org/packages/eb/da/fa51bb7d8d5c8b4672b72c05a9357b5f9300f48128574c746fa4825f607a/pymongo-4.8.0-cp312-cp312-macosx_11_0_arm64.whl", hash = "sha256:31e4d21201bdf15064cf47ce7b74722d3e1aea2597c6785882244a3bb58c7eab", size = 698800 },
    { url = "https://files.pythonhosted.org/packages/7b/dc/78f0c931d38bece6ae1dc49035961c82f3eb42952c745391ebdd3a910222/pymongo-4.8.0-cp312-cp312-manylinux_2_17_aarch64.manylinux2014_aarch64.whl", hash = "sha256:c6b804bb4f2d9dc389cc9e827d579fa327272cdb0629a99bfe5b83cb3e269ebf", size = 1655527 },
    { url = "https://files.pythonhosted.org/packages/74/36/92f0eeeb5111c332072e37efb1d5a668c5e4b75be53cbd06a77f6b4192d2/pymongo-4.8.0-cp312-cp312-manylinux_2_17_ppc64le.manylinux2014_ppc64le.whl", hash = "sha256:f2fbdb87fe5075c8beb17a5c16348a1ea3c8b282a5cb72d173330be2fecf22f5", size = 1718203 },
    { url = "https://files.pythonhosted.org/packages/98/40/757579f837dadaddf167cd36ae85a7ab29c035bc0ae8d90bdc8a5fbdfc33/pymongo-4.8.0-cp312-cp312-manylinux_2_17_s390x.manylinux2014_s390x.whl", hash = "sha256:cd39455b7ee70aabee46f7399b32ab38b86b236c069ae559e22be6b46b2bbfc4", size = 1685776 },
    { url = "https://files.pythonhosted.org/packages/24/bb/13d23966ad01511610a471eae480bcb6a94b832c40f2bdbc706f7a757b76/pymongo-4.8.0-cp312-cp312-manylinux_2_17_x86_64.manylinux2014_x86_64.whl", hash = "sha256:940d456774b17814bac5ea7fc28188c7a1338d4a233efbb6ba01de957bded2e8", size = 1650569 },
    { url = "https://files.pythonhosted.org/packages/b5/80/1f405ce80cb6a3867709147e24a2f69e342ff71fb1b9ba663d0237f0c5ed/pymongo-4.8.0-cp312-cp312-manylinux_2_5_i686.manylinux1_i686.manylinux_2_17_i686.manylinux2014_i686.whl", hash = "sha256:236bbd7d0aef62e64caf4b24ca200f8c8670d1a6f5ea828c39eccdae423bc2b2", size = 1601592 },
    { url = "https://files.pythonhosted.org/packages/30/19/cd66230b6407c6b8cf45c1ae073659a88af5699c792c46fd4eaf317bd11e/pymongo-4.8.0-cp312-cp312-win32.whl", hash = "sha256:47ec8c3f0a7b2212dbc9be08d3bf17bc89abd211901093e3ef3f2adea7de7a69", size = 656042 },
    { url = "https://files.pythonhosted.org/packages/99/1c/f5108dc39450077556844abfd92b768c57775f85270fc0b1dc834ad18113/pymongo-4.8.0-cp312-cp312-win_amd64.whl", hash = "sha256:e84bc7707492f06fbc37a9f215374d2977d21b72e10a67f1b31893ec5a140ad8", size = 680400 },
]

[[package]]
name = "pyrogram"
version = "1.4.16"
source = { registry = "https://pypi.org/simple" }
dependencies = [
    { name = "pyaes" },
    { name = "pysocks" },
]
sdist = { url = "https://files.pythonhosted.org/packages/f2/51/2fc5fe599242fa8f11fb700f2d87f1eb9bcd00654d6cf42b830820e49327/Pyrogram-1.4.16.tar.gz", hash = "sha256:65800f6806bddb3dcab5c8951ce7b17597fd6f0663290f562a0ebe59ed1d5be4", size = 323513 }
wheels = [
    { url = "https://files.pythonhosted.org/packages/cc/f2/6078f410c1f739270b77caaa0e1a5f67876fc1fff7e5f5dcc9c2ab07996d/Pyrogram-1.4.16-py3-none-any.whl", hash = "sha256:8e130211afa1d16da7574100a44a1c5d12c55ad1a56d2c0515dabecb798407b2", size = 3130722 },
]

[[package]]
name = "pysocks"
version = "1.7.1"
source = { registry = "https://pypi.org/simple" }
sdist = { url = "https://files.pythonhosted.org/packages/bd/11/293dd436aea955d45fc4e8a35b6ae7270f5b8e00b53cf6c024c83b657a11/PySocks-1.7.1.tar.gz", hash = "sha256:3f8804571ebe159c380ac6de37643bb4685970655d3bba243530d6558b799aa0", size = 284429 }
wheels = [
    { url = "https://files.pythonhosted.org/packages/8d/59/b4572118e098ac8e46e399a1dd0f2d85403ce8bbaad9ec79373ed6badaf9/PySocks-1.7.1-py3-none-any.whl", hash = "sha256:2725bd0a9925919b9b51739eea5f9e2bae91e83288108a9ad338b2e3a4435ee5", size = 16725 },
]

[[package]]
name = "pytz"
version = "2025.2"
source = { registry = "https://pypi.org/simple" }
sdist = { url = "https://files.pythonhosted.org/packages/f8/bf/abbd3cdfb8fbc7fb3d4d38d320f2441b1e7cbe29be4f23797b4a2b5d8aac/pytz-2025.2.tar.gz", hash = "sha256:360b9e3dbb49a209c21ad61809c7fb453643e048b38924c765813546746e81c3", size = 320884 }
wheels = [
    { url = "https://files.pythonhosted.org/packages/81/c4/34e93fe5f5429d7570ec1fa436f1986fb1f00c3e0f43a589fe2bbcd22c3f/pytz-2025.2-py2.py3-none-any.whl", hash = "sha256:5ddf76296dd8c44c26eb8f4b6f35488f3ccbf6fbbd7adee0b7262d43f0ec2f00", size = 509225 },
]

[[package]]
name = "six"
version = "1.17.0"
source = { registry = "https://pypi.org/simple" }
sdist = { url = "https://files.pythonhosted.org/packages/94/e7/b2c673351809dca68a0e064b6af791aa332cf192da575fd474ed7d6f16a2/six-1.17.0.tar.gz", hash = "sha256:ff70335d468e7eb6ec65b95b99d3a2836546063f63acc5171de367e834932a81", size = 34031 }
wheels = [
    { url = "https://files.pythonhosted.org/packages/b7/ce/149a00dd41f10bc29e5921b496af8b574d8413afcd5e30dfa0ed46c2cc5e/six-1.17.0-py2.py3-none-any.whl", hash = "sha256:4721f391ed90541fddacab5acf947aa0d3dc7d27b2e1e8eda2be8970586c3274", size = 11050 },
]

[[package]]
name = "telegram-vote-bot"
version = "0.1.0"
source = { virtual = "." }
dependencies = [
    { name = "apscheduler" },
    { name = "motor" },
    { name = "pymongo" },
    { name = "pyrogram" },
    { name = "tgcrypto" },
]

[package.metadata]
requires-dist = [
    { name = "apscheduler", specifier = "==3.10.4" },
    { name = "motor", specifier = "==3.3.2" },
    { name = "pymongo", specifier = "==4.8.0" },
    { name = "pyrogram", specifier = "==1.4.16" },
    { name = "tgcrypto", specifier = "==1.2.5" },
]

[[package]]
name = "tgcrypto"
version = "1.2.5"
source = { registry = "https://pypi.org/simple" }
sdist = { url = "https://files.pythonhosted.org/packages/33/59/7cf5ced989e3139a791d5452d58cb8994de589576b80f9267ba76d794f6c/TgCrypto-1.2.5.tar.gz", hash = "sha256:9bc2cac6fb9a12ef5b08f3dd500174fe374d89b660cce981f57e3138559cb682", size = 37280 }
wheels = [
    { url = "https://files.pythonhosted.org/packages/48/e6/07dc413e57f3677e0b887975b174d9cbc8170e92651dd35a784da9571d5f/TgCrypto-1.2.5-cp311-cp311-macosx_10_9_universal2.whl", hash = "sha256:59597cdb1c87eb1184088563d20b42a8f2e431e9334fed64926079044ad2a4af", size = 58988 },
    { url = "https://files.pythonhosted.org/packages/c1/fe/a418223ff6079184f50f5ad8c2dac37ec40adbb42b886c3ee44fdba2a540/TgCrypto-1.2.5-cp311-cp311-macosx_10_9_x86_64.whl", hash = "sha256:1283337ae75b02406dd700377b8b783e70033b548492517df6e6c4156b0ed69c", size = 43347 },
    { url = "https://files.pythonhosted.org/packages/39/0e/e861a9987c6d9d3ae04d156732311e018558f862490c466c369d73094807/TgCrypto-1.2.5-cp311-cp311-macosx_11_0_arm64.whl", hash = "sha256:1735437df0023a40e5fdd95e6b09ce806ec8f2cd2f8879023818840dfae60cab", size = 43123 },
    { url = "https://files.pythonhosted.org/packages/0d/ce/d60e249ac4d31d591f4c8ca76e7bd537f4c54f1947b400a14ac3a1678b09/TgCrypto-1.2.5-cp311-cp311-manylinux_2_17_x86_64.manylinux2014_x86_64.whl", hash = "sha256:cfa17a20206532c6d2442c9d7a7f6434120bd75896ad9a3e9b9277477afa084f", size = 60713 },
    { url = "https://files.pythonhosted.org/packages/27/55/50f81b1a557bd8f9b73f7fcda2381f8826665858750968394ceec0b01282/TgCrypto-1.2.5-cp311-cp311-manylinux_2_5_i686.manylinux1_i686.manylinux_2_17_i686.manylinux2014_i686.whl", hash = "sha256:48da3674474839e5619e7430ff1f98aed9f55369f3cfaef7f65511852869572e", size = 60418 },
    { url = "https://files.pythonhosted.org/packages/f3/55/7f5f5a024b71ef81b07c3fe15e79d03b634eb349b04bc79a62c8c3ed3376/TgCrypto-1.2.5-cp311-cp311-musllinux_1_1_i686.whl", hash = "sha256:b49e982e5b156be821a5235bd9102c00dc506a58607e2c8bd50ac872724a951f", size = 64397 },
    { url = "https://files.pythonhosted.org/packages/76/3e/8f059edce82de8ebbc1e513076c0f65a86fac95887fae21ae087440ef23a/TgCrypto-1.2.5-cp311-cp311-musllinux_1_1_x86_64.whl", hash = "sha256:9d9f13586065a6d86d05c16409054033a84be208acee29b49f6f194e27b08642", size = 64436 },
    { url = "https://files.pythonhosted.org/packages/eb/87/fe894eb7c4cce4b6f710223c24e0ca22f4107fe46f3f56091ceabd482de7/TgCrypto-1.2.5-cp311-cp311-win32.whl", hash = "sha256:10dd3870aecb1a783c6eafd3b164b2149dbc93a9ee13feb7e6f5c58f87c24cd0", size = 44723 },
    { url = "https://files.pythonhosted.org/packages/c1/fc/b918235b19b70a45f4a596c773fad2c379d941d2ac5005293e2ee18bdc63/TgCrypto-1.2.5-cp311-cp311-win_amd64.whl", hash = "sha256:a1beec47d6af8b509af7cf266e30f7703208076076594714005b42d2c25225b3", size = 45073 },
]

[[package]]
name = "tzdata"
version = "2025.2"
source = { registry = "https://pypi.org/simple" }
sdist = { url = "https://files.pythonhosted.org/packages/95/32/1a225d6164441be760d75c2c42e2780dc0873fe382da3e98a2e1e48361e5/tzdata-2025.2.tar.gz", hash = "sha256:b60a638fcc0daffadf82fe0f57e53d06bdec2f36c4df66280ae79bce6bd6f2b9", size = 196380 }
wheels = [
    { url = "https://files.pythonhosted.org/packages/5c/23/c7abc0ca0a1526a0774eca151daeb8de62ec457e77262b66b359c3c7679e/tzdata-2025.2-py2.py3-none-any.whl", hash = "sha256:1a403fada01ff9221ca8044d701868fa132215d84beb92242d9acd2147f667a8", size = 347839 },
]

[[package]]
name = "tzlocal"
version = "5.3.1"
source = { registry = "https://pypi.org/simple" }
dependencies = [
    { name = "tzdata", marker = "sys_platform == 'win32'" },
]
sdist = { url = "https://files.pythonhosted.org/packages/8b/2e/c14812d3d4d9cd1773c6be938f89e5735a1f11a9f184ac3639b93cef35d5/tzlocal-5.3.1.tar.gz", hash = "sha256:cceffc7edecefea1f595541dbd6e990cb1ea3d19bf01b2809f362a03dd7921fd", size = 30761 }
wheels = [
    { url = "https://files.pythonhosted.org/packages/c2/14/e2a54fabd4f08cd7af1c07030603c3356b74da07f7cc056e600436edfa17/tzlocal-5.3.1-py3-none-any.whl", hash = "sha256:eb1a66c3ef5847adf7a834f1be0800581b683b5608e74f86ecbcef8ab91bb85d", size = 18026 },
]
